// !$*UTF8*$!
{
	archiveVersion = 1;
	classes = {
	};
	objectVersion = 77;
	objects = {

/* Begin PBXBuildFile section */
		2ADF45F02DD59E4400883134 /* RxBlocking in Frameworks */ = {isa = PBXBuildFile; productRef = 2ADF45EF2DD59E4400883134 /* RxBlocking */; };
		2ADF45F22DD59E4400883134 /* RxCocoa in Frameworks */ = {isa = PBXBuildFile; productRef = 2ADF45F12DD59E4400883134 /* RxCocoa */; };
		2ADF45F42DD59E4400883134 /* RxRelay in Frameworks */ = {isa = PBXBuildFile; productRef = 2ADF45F32DD59E4400883134 /* RxRelay */; };
		2ADF45FC2DD5A53A00883134 /* RxBinding in Frameworks */ = {isa = PBXBuildFile; productRef = 2ADF45FB2DD5A53A00883134 /* RxBinding */; };
		2AF72F842DD4B9220071566D /* Alamofire in Frameworks */ = {isa = PBXBuildFile; productRef = 2AF72F832DD4B9220071566D /* Alamofire */; };
		2AF72F892DD4B9F00071566D /* Swinject in Frameworks */ = {isa = PBXBuildFile; productRef = 2AF72F882DD4B9F00071566D /* Swinject */; };
/* End PBXBuildFile section */

/* Begin PBXContainerItemProxy section */
		2AF72F4B2DD4B76F0071566D /* PBXContainerItemProxy */ = {
			isa = PBXContainerItemProxy;
			containerPortal = 2AF72F2C2DD4B76D0071566D /* Project object */;
			proxyType = 1;
			remoteGlobalIDString = 2AF72F332DD4B76D0071566D;
			remoteInfo = RepoReader;
		};
		2AF72F552DD4B76F0071566D /* PBXContainerItemProxy */ = {
			isa = PBXContainerItemProxy;
			containerPortal = 2AF72F2C2DD4B76D0071566D /* Project object */;
			proxyType = 1;
			remoteGlobalIDString = 2AF72F332DD4B76D0071566D;
			remoteInfo = RepoReader;
		};
/* End PBXContainerItemProxy section */

/* Begin PBXFileReference section */
		2AF72F342DD4B76D0071566D /* RepoReader.app */ = {isa = PBXFileReference; explicitFileType = wrapper.application; includeInIndex = 0; path = RepoReader.app; sourceTree = BUILT_PRODUCTS_DIR; };
		2AF72F4A2DD4B76F0071566D /* RepoReaderTests.xctest */ = {isa = PBXFileReference; explicitFileType = wrapper.cfbundle; includeInIndex = 0; path = RepoReaderTests.xctest; sourceTree = BUILT_PRODUCTS_DIR; };
		2AF72F542DD4B76F0071566D /* RepoReaderUITests.xctest */ = {isa = PBXFileReference; explicitFileType = wrapper.cfbundle; includeInIndex = 0; path = RepoReaderUITests.xctest; sourceTree = BUILT_PRODUCTS_DIR; };
/* End PBXFileReference section */

/* Begin PBXFileSystemSynchronizedBuildFileExceptionSet section */
		2AF72F5C2DD4B76F0071566D /* Exceptions for "RepoReader" folder in "RepoReader" target */ = {
			isa = PBXFileSystemSynchronizedBuildFileExceptionSet;
			membershipExceptions = (
				App/Info.plist,
			);
			target = 2AF72F332DD4B76D0071566D /* RepoReader */;
		};
/* End PBXFileSystemSynchronizedBuildFileExceptionSet section */

/* Begin PBXFileSystemSynchronizedRootGroup section */
		2AF72F362DD4B76D0071566D /* RepoReader */ = {
			isa = PBXFileSystemSynchronizedRootGroup;
			exceptions = (
				2AF72F5C2DD4B76F0071566D /* Exceptions for "RepoReader" folder in "RepoReader" target */,
			);
			path = RepoReader;
			sourceTree = "<group>";
		};
		2AF72F4D2DD4B76F0071566D /* RepoReaderTests */ = {
			isa = PBXFileSystemSynchronizedRootGroup;
			path = RepoReaderTests;
			sourceTree = "<group>";
		};
		2AF72F572DD4B76F0071566D /* RepoReaderUITests */ = {
			isa = PBXFileSystemSynchronizedRootGroup;
			path = RepoReaderUITests;
			sourceTree = "<group>";
		};
/* End PBXFileSystemSynchronizedRootGroup section */

/* Begin PBXFrameworksBuildPhase section */
		2AF72F312DD4B76D0071566D /* Frameworks */ = {
			isa = PBXFrameworksBuildPhase;
			buildActionMask = 2147483647;
			files = (
				2ADF45F42DD59E4400883134 /* RxRelay in Frameworks */,
				2AF72F842DD4B9220071566D /* Alamofire in Frameworks */,
				2ADF45F02DD59E4400883134 /* RxBlocking in Frameworks */,
				2ADF45F22DD59E4400883134 /* RxCocoa in Frameworks */,
				2ADF45FC2DD5A53A00883134 /* RxBinding in Frameworks */,
				2AF72F892DD4B9F00071566D /* Swinject in Frameworks */,
			);
			runOnlyForDeploymentPostprocessing = 0;
		};
		2AF72F472DD4B76F0071566D /* Frameworks */ = {
			isa = PBXFrameworksBuildPhase;
			buildActionMask = 2147483647;
			files = (
			);
			runOnlyForDeploymentPostprocessing = 0;
		};
		2AF72F512DD4B76F0071566D /* Frameworks */ = {
			isa = PBXFrameworksBuildPhase;
			buildActionMask = 2147483647;
			files = (
			);
			runOnlyForDeploymentPostprocessing = 0;
		};
/* End PBXFrameworksBuildPhase section */

/* Begin PBXGroup section */
		2AF72F2B2DD4B76D0071566D = {
			isa = PBXGroup;
			children = (
				2AF72F362DD4B76D0071566D /* RepoReader */,
				2AF72F4D2DD4B76F0071566D /* RepoReaderTests */,
				2AF72F572DD4B76F0071566D /* RepoReaderUITests */,
				2AF72F352DD4B76D0071566D /* Products */,
			);
			sourceTree = "<group>";
		};
		2AF72F352DD4B76D0071566D /* Products */ = {
			isa = PBXGroup;
			children = (
				2AF72F342DD4B76D0071566D /* RepoReader.app */,
				2AF72F4A2DD4B76F0071566D /* RepoReaderTests.xctest */,
				2AF72F542DD4B76F0071566D /* RepoReaderUITests.xctest */,
			);
			name = Products;
			sourceTree = "<group>";
		};
/* End PBXGroup section */

/* Begin PBXNativeTarget section */
		2AF72F332DD4B76D0071566D /* RepoReader */ = {
			isa = PBXNativeTarget;
			buildConfigurationList = 2AF72F5D2DD4B76F0071566D /* Build configuration list for PBXNativeTarget "RepoReader" */;
			buildPhases = (
				2AF72F302DD4B76D0071566D /* Sources */,
				2AF72F312DD4B76D0071566D /* Frameworks */,
				2AF72F322DD4B76D0071566D /* Resources */,
			);
			buildRules = (
			);
			dependencies = (
			);
			fileSystemSynchronizedGroups = (
				2AF72F362DD4B76D0071566D /* RepoReader */,
			);
			name = RepoReader;
			packageProductDependencies = (
				2AF72F832DD4B9220071566D /* Alamofire */,
				2AF72F882DD4B9F00071566D /* Swinject */,
				2ADF45EF2DD59E4400883134 /* RxBlocking */,
				2ADF45F12DD59E4400883134 /* RxCocoa */,
				2ADF45F32DD59E4400883134 /* RxRelay */,
				2ADF45FB2DD5A53A00883134 /* RxBinding */,
			);
			productName = RepoReader;
			productReference = 2AF72F342DD4B76D0071566D /* RepoReader.app */;
			productType = "com.apple.product-type.application";
		};
		2AF72F492DD4B76F0071566D /* RepoReaderTests */ = {
			isa = PBXNativeTarget;
			buildConfigurationList = 2AF72F622DD4B76F0071566D /* Build configuration list for PBXNativeTarget "RepoReaderTests" */;
			buildPhases = (
				2AF72F462DD4B76F0071566D /* Sources */,
				2AF72F472DD4B76F0071566D /* Frameworks */,
				2AF72F482DD4B76F0071566D /* Resources */,
			);
			buildRules = (
			);
			dependencies = (
				2AF72F4C2DD4B76F0071566D /* PBXTargetDependency */,
			);
			fileSystemSynchronizedGroups = (
				2AF72F4D2DD4B76F0071566D /* RepoReaderTests */,
			);
			name = RepoReaderTests;
			packageProductDependencies = (
			);
			productName = RepoReaderTests;
			productReference = 2AF72F4A2DD4B76F0071566D /* RepoReaderTests.xctest */;
			productType = "com.apple.product-type.bundle.unit-test";
		};
		2AF72F532DD4B76F0071566D /* RepoReaderUITests */ = {
			isa = PBXNativeTarget;
			buildConfigurationList = 2AF72F652DD4B76F0071566D /* Build configuration list for PBXNativeTarget "RepoReaderUITests" */;
			buildPhases = (
				2AF72F502DD4B76F0071566D /* Sources */,
				2AF72F512DD4B76F0071566D /* Frameworks */,
				2AF72F522DD4B76F0071566D /* Resources */,
			);
			buildRules = (
			);
			dependencies = (
				2AF72F562DD4B76F0071566D /* PBXTargetDependency */,
			);
			fileSystemSynchronizedGroups = (
				2AF72F572DD4B76F0071566D /* RepoReaderUITests */,
			);
			name = RepoReaderUITests;
			packageProductDependencies = (
			);
			productName = RepoReaderUITests;
			productReference = 2AF72F542DD4B76F0071566D /* RepoReaderUITests.xctest */;
			productType = "com.apple.product-type.bundle.ui-testing";
		};
/* End PBXNativeTarget section */

/* Begin PBXProject section */
		2AF72F2C2DD4B76D0071566D /* Project object */ = {
			isa = PBXProject;
			attributes = {
				BuildIndependentTargetsInParallel = 1;
				LastSwiftUpdateCheck = 1630;
				LastUpgradeCheck = 1630;
				TargetAttributes = {
					2AF72F332DD4B76D0071566D = {
						CreatedOnToolsVersion = 16.3;
					};
					2AF72F492DD4B76F0071566D = {
						CreatedOnToolsVersion = 16.3;
						TestTargetID = 2AF72F332DD4B76D0071566D;
					};
					2AF72F532DD4B76F0071566D = {
						CreatedOnToolsVersion = 16.3;
						TestTargetID = 2AF72F332DD4B76D0071566D;
					};
				};
			};
			buildConfigurationList = 2AF72F2F2DD4B76D0071566D /* Build configuration list for PBXProject "RepoReader" */;
			developmentRegion = en;
			hasScannedForEncodings = 0;
			knownRegions = (
				en,
				Base,
			);
			mainGroup = 2AF72F2B2DD4B76D0071566D;
			minimizedProjectReferenceProxies = 1;
			packageReferences = (
				2AF72F822DD4B9220071566D /* XCRemoteSwiftPackageReference "Alamofire" */,
				2AF72F872DD4B9EF0071566D /* XCRemoteSwiftPackageReference "Swinject" */,
				2ADF45EE2DD59E4400883134 /* XCRemoteSwiftPackageReference "RxSwift" */,
				2ADF45FA2DD5A53A00883134 /* XCRemoteSwiftPackageReference "RxBinding" */,
			);
			preferredProjectObjectVersion = 77;
			productRefGroup = 2AF72F352DD4B76D0071566D /* Products */;
			projectDirPath = "";
			projectRoot = "";
			targets = (
				2AF72F332DD4B76D0071566D /* RepoReader */,
				2AF72F492DD4B76F0071566D /* RepoReaderTests */,
				2AF72F532DD4B76F0071566D /* RepoReaderUITests */,
			);
		};
/* End PBXProject section */

/* Begin PBXResourcesBuildPhase section */
		2AF72F322DD4B76D0071566D /* Resources */ = {
			isa = PBXResourcesBuildPhase;
			buildActionMask = 2147483647;
			files = (
			);
			runOnlyForDeploymentPostprocessing = 0;
		};
		2AF72F482DD4B76F0071566D /* Resources */ = {
			isa = PBXResourcesBuildPhase;
			buildActionMask = 2147483647;
			files = (
			);
			runOnlyForDeploymentPostprocessing = 0;
		};
		2AF72F522DD4B76F0071566D /* Resources */ = {
			isa = PBXResourcesBuildPhase;
			buildActionMask = 2147483647;
			files = (
			);
			runOnlyForDeploymentPostprocessing = 0;
		};
/* End PBXResourcesBuildPhase section */

/* Begin PBXSourcesBuildPhase section */
		2AF72F302DD4B76D0071566D /* Sources */ = {
			isa = PBXSourcesBuildPhase;
			buildActionMask = 2147483647;
			files = (
			);
			runOnlyForDeploymentPostprocessing = 0;
		};
		2AF72F462DD4B76F0071566D /* Sources */ = {
			isa = PBXSourcesBuildPhase;
			buildActionMask = 2147483647;
			files = (
			);
			runOnlyForDeploymentPostprocessing = 0;
		};
		2AF72F502DD4B76F0071566D /* Sources */ = {
			isa = PBXSourcesBuildPhase;
			buildActionMask = 2147483647;
			files = (
			);
			runOnlyForDeploymentPostprocessing = 0;
		};
/* End PBXSourcesBuildPhase section */

/* Begin PBXTargetDependency section */
		2AF72F4C2DD4B76F0071566D /* PBXTargetDependency */ = {
			isa = PBXTargetDependency;
			target = 2AF72F332DD4B76D0071566D /* RepoReader */;
			targetProxy = 2AF72F4B2DD4B76F0071566D /* PBXContainerItemProxy */;
		};
		2AF72F562DD4B76F0071566D /* PBXTargetDependency */ = {
			isa = PBXTargetDependency;
			target = 2AF72F332DD4B76D0071566D /* RepoReader */;
			targetProxy = 2AF72F552DD4B76F0071566D /* PBXContainerItemProxy */;
		};
/* End PBXTargetDependency section */

/* Begin XCBuildConfiguration section */
		2AF72F5E2DD4B76F0071566D /* Debug */ = {
			isa = XCBuildConfiguration;
			buildSettings = {
				ASSETCATALOG_COMPILER_APPICON_NAME = AppIcon;
				ASSETCATALOG_COMPILER_GLOBAL_ACCENT_COLOR_NAME = AccentColor;
				CODE_SIGN_STYLE = Automatic;
				CURRENT_PROJECT_VERSION = 1;
				DEVELOPMENT_TEAM = "";
				GENERATE_INFOPLIST_FILE = YES;
				INFOPLIST_FILE = RepoReader/App/Info.plist;
				INFOPLIST_KEY_UIApplicationSupportsIndirectInputEvents = YES;
				INFOPLIST_KEY_UILaunchStoryboardName = LaunchScreen;
				INFOPLIST_KEY_UIMainStoryboardFile = Main;
				INFOPLIST_KEY_UISupportedInterfaceOrientations_iPad = "UIInterfaceOrientationPortrait UIInterfaceOrientationPortraitUpsideDown UIInterfaceOrientationLandscapeLeft UIInterfaceOrientationLandscapeRight";
				INFOPLIST_KEY_UISupportedInterfaceOrientations_iPhone = "UIInterfaceOrientationPortrait UIInterfaceOrientationLandscapeLeft UIInterfaceOrientationLandscapeRight";
				LD_RUNPATH_SEARCH_PATHS = (
					"$(inherited)",
					"@executable_path/Frameworks",
				);
				MARKETING_VERSION = 1.0;
				PRODUCT_BUNDLE_IDENTIFIER = com.dk..RepoReader;
				PRODUCT_NAME = "$(TARGET_NAME)";
				SWIFT_EMIT_LOC_STRINGS = YES;
				SWIFT_VERSION = 5.0;
				TARGETED_DEVICE_FAMILY = "1,2";
			};
			name = Debug;
		};
		2AF72F5F2DD4B76F0071566D /* Release */ = {
			isa = XCBuildConfiguration;
			buildSettings = {
				ASSETCATALOG_COMPILER_APPICON_NAME = AppIcon;
				ASSETCATALOG_COMPILER_GLOBAL_ACCENT_COLOR_NAME = AccentColor;
				CODE_SIGN_STYLE = Automatic;
				CURRENT_PROJECT_VERSION = 1;
				DEVELOPMENT_TEAM = "";
				GENERATE_INFOPLIST_FILE = YES;
				INFOPLIST_FILE = RepoReader/App/Info.plist;
				INFOPLIST_KEY_UIApplicationSupportsIndirectInputEvents = YES;
				INFOPLIST_KEY_UILaunchStoryboardName = LaunchScreen;
				INFOPLIST_KEY_UIMainStoryboardFile = Main;
				INFOPLIST_KEY_UISupportedInterfaceOrientations_iPad = "UIInterfaceOrientationPortrait UIInterfaceOrientationPortraitUpsideDown UIInterfaceOrientationLandscapeLeft UIInterfaceOrientationLandscapeRight";
				INFOPLIST_KEY_UISupportedInterfaceOrientations_iPhone = "UIInterfaceOrientationPortrait UIInterfaceOrientationLandscapeLeft UIInterfaceOrientationLandscapeRight";
				LD_RUNPATH_SEARCH_PATHS = (
					"$(inherited)",
					"@executable_path/Frameworks",
				);
				MARKETING_VERSION = 1.0;
				PRODUCT_BUNDLE_IDENTIFIER = com.dk..RepoReader;
				PRODUCT_NAME = "$(TARGET_NAME)";
				SWIFT_EMIT_LOC_STRINGS = YES;
				SWIFT_VERSION = 5.0;
				TARGETED_DEVICE_FAMILY = "1,2";
			};
			name = Release;
		};
		2AF72F602DD4B76F0071566D /* Debug */ = {
			isa = XCBuildConfiguration;
			buildSettings = {
				ALWAYS_SEARCH_USER_PATHS = NO;
				ASSETCATALOG_COMPILER_GENERATE_SWIFT_ASSET_SYMBOL_EXTENSIONS = YES;
				CLANG_ANALYZER_NONNULL = YES;
				CLANG_ANALYZER_NUMBER_OBJECT_CONVERSION = YES_AGGRESSIVE;
				CLANG_CXX_LANGUAGE_STANDARD = "gnu++20";
				CLANG_ENABLE_MODULES = YES;
				CLANG_ENABLE_OBJC_ARC = YES;
				CLANG_ENABLE_OBJC_WEAK = YES;
				CLANG_WARN_BLOCK_CAPTURE_AUTORELEASING = YES;
				CLANG_WARN_BOOL_CONVERSION = YES;
				CLANG_WARN_COMMA = YES;
				CLANG_WARN_CONSTANT_CONVERSION = YES;
				CLANG_WARN_DEPRECATED_OBJC_IMPLEMENTATIONS = YES;
				CLANG_WARN_DIRECT_OBJC_ISA_USAGE = YES_ERROR;
				CLANG_WARN_DOCUMENTATION_COMMENTS = YES;
				CLANG_WARN_EMPTY_BODY = YES;
				CLANG_WARN_ENUM_CONVERSION = YES;
				CLANG_WARN_INFINITE_RECURSION = YES;
				CLANG_WARN_INT_CONVERSION = YES;
				CLANG_WARN_NON_LITERAL_NULL_CONVERSION = YES;
				CLANG_WARN_OBJC_IMPLICIT_RETAIN_SELF = YES;
				CLANG_WARN_OBJC_LITERAL_CONVERSION = YES;
				CLANG_WARN_OBJC_ROOT_CLASS = YES_ERROR;
				CLANG_WARN_QUOTED_INCLUDE_IN_FRAMEWORK_HEADER = YES;
				CLANG_WARN_RANGE_LOOP_ANALYSIS = YES;
				CLANG_WARN_STRICT_PROTOTYPES = YES;
				CLANG_WARN_SUSPICIOUS_MOVE = YES;
				CLANG_WARN_UNGUARDED_AVAILABILITY = YES_AGGRESSIVE;
				CLANG_WARN_UNREACHABLE_CODE = YES;
				CLANG_WARN__DUPLICATE_METHOD_MATCH = YES;
				COPY_PHASE_STRIP = NO;
				DEBUG_INFORMATION_FORMAT = dwarf;
				DEVELOPMENT_TEAM = HJ254N92X3;
				ENABLE_STRICT_OBJC_MSGSEND = YES;
				ENABLE_TESTABILITY = YES;
				ENABLE_USER_SCRIPT_SANDBOXING = YES;
				GCC_C_LANGUAGE_STANDARD = gnu17;
				GCC_DYNAMIC_NO_PIC = NO;
				GCC_NO_COMMON_BLOCKS = YES;
				GCC_OPTIMIZATION_LEVEL = 0;
				GCC_PREPROCESSOR_DEFINITIONS = (
					"DEBUG=1",
					"$(inherited)",
				);
				GCC_WARN_64_TO_32_BIT_CONVERSION = YES;
				GCC_WARN_ABOUT_RETURN_TYPE = YES_ERROR;
				GCC_WARN_UNDECLARED_SELECTOR = YES;
				GCC_WARN_UNINITIALIZED_AUTOS = YES_AGGRESSIVE;
				GCC_WARN_UNUSED_FUNCTION = YES;
				GCC_WARN_UNUSED_VARIABLE = YES;
				IPHONEOS_DEPLOYMENT_TARGET = 18.4;
				LOCALIZATION_PREFERS_STRING_CATALOGS = YES;
				MTL_ENABLE_DEBUG_INFO = INCLUDE_SOURCE;
				MTL_FAST_MATH = YES;
				ONLY_ACTIVE_ARCH = YES;
				SDKROOT = iphoneos;
				SWIFT_ACTIVE_COMPILATION_CONDITIONS = "DEBUG $(inherited)";
				SWIFT_OPTIMIZATION_LEVEL = "-Onone";
			};
			name = Debug;
		};
		2AF72F612DD4B76F0071566D /* Release */ = {
			isa = XCBuildConfiguration;
			buildSettings = {
				ALWAYS_SEARCH_USER_PATHS = NO;
				ASSETCATALOG_COMPILER_GENERATE_SWIFT_ASSET_SYMBOL_EXTENSIONS = YES;
				CLANG_ANALYZER_NONNULL = YES;
				CLANG_ANALYZER_NUMBER_OBJECT_CONVERSION = YES_AGGRESSIVE;
				CLANG_CXX_LANGUAGE_STANDARD = "gnu++20";
				CLANG_ENABLE_MODULES = YES;
				CLANG_ENABLE_OBJC_ARC = YES;
				CLANG_ENABLE_OBJC_WEAK = YES;
				CLANG_WARN_BLOCK_CAPTURE_AUTORELEASING = YES;
				CLANG_WARN_BOOL_CONVERSION = YES;
				CLANG_WARN_COMMA = YES;
				CLANG_WARN_CONSTANT_CONVERSION = YES;
				CLANG_WARN_DEPRECATED_OBJC_IMPLEMENTATIONS = YES;
				CLANG_WARN_DIRECT_OBJC_ISA_USAGE = YES_ERROR;
				CLANG_WARN_DOCUMENTATION_COMMENTS = YES;
				CLANG_WARN_EMPTY_BODY = YES;
				CLANG_WARN_ENUM_CONVERSION = YES;
				CLANG_WARN_INFINITE_RECURSION = YES;
				CLANG_WARN_INT_CONVERSION = YES;
				CLANG_WARN_NON_LITERAL_NULL_CONVERSION = YES;
				CLANG_WARN_OBJC_IMPLICIT_RETAIN_SELF = YES;
				CLANG_WARN_OBJC_LITERAL_CONVERSION = YES;
				CLANG_WARN_OBJC_ROOT_CLASS = YES_ERROR;
				CLANG_WARN_QUOTED_INCLUDE_IN_FRAMEWORK_HEADER = YES;
				CLANG_WARN_RANGE_LOOP_ANALYSIS = YES;
				CLANG_WARN_STRICT_PROTOTYPES = YES;
				CLANG_WARN_SUSPICIOUS_MOVE = YES;
				CLANG_WARN_UNGUARDED_AVAILABILITY = YES_AGGRESSIVE;
				CLANG_WARN_UNREACHABLE_CODE = YES;
				CLANG_WARN__DUPLICATE_METHOD_MATCH = YES;
				COPY_PHASE_STRIP = NO;
				DEBUG_INFORMATION_FORMAT = "dwarf-with-dsym";
				DEVELOPMENT_TEAM = HJ254N92X3;
				ENABLE_NS_ASSERTIONS = NO;
				ENABLE_STRICT_OBJC_MSGSEND = YES;
				ENABLE_USER_SCRIPT_SANDBOXING = YES;
				GCC_C_LANGUAGE_STANDARD = gnu17;
				GCC_NO_COMMON_BLOCKS = YES;
				GCC_WARN_64_TO_32_BIT_CONVERSION = YES;
				GCC_WARN_ABOUT_RETURN_TYPE = YES_ERROR;
				GCC_WARN_UNDECLARED_SELECTOR = YES;
				GCC_WARN_UNINITIALIZED_AUTOS = YES_AGGRESSIVE;
				GCC_WARN_UNUSED_FUNCTION = YES;
				GCC_WARN_UNUSED_VARIABLE = YES;
				IPHONEOS_DEPLOYMENT_TARGET = 18.4;
				LOCALIZATION_PREFERS_STRING_CATALOGS = YES;
				MTL_ENABLE_DEBUG_INFO = NO;
				MTL_FAST_MATH = YES;
				SDKROOT = iphoneos;
				SWIFT_COMPILATION_MODE = wholemodule;
				VALIDATE_PRODUCT = YES;
			};
			name = Release;
		};
		2AF72F632DD4B76F0071566D /* Debug */ = {
			isa = XCBuildConfiguration;
			buildSettings = {
				BUNDLE_LOADER = "$(TEST_HOST)";
				CODE_SIGN_STYLE = Automatic;
				CURRENT_PROJECT_VERSION = 1;
				DEVELOPMENT_TEAM = HJ254N92X3;
				GENERATE_INFOPLIST_FILE = YES;
				IPHONEOS_DEPLOYMENT_TARGET = 18.4;
				MARKETING_VERSION = 1.0;
				PRODUCT_BUNDLE_IDENTIFIER = com.canopas..RepoReaderTests;
				PRODUCT_NAME = "$(TARGET_NAME)";
				SWIFT_EMIT_LOC_STRINGS = NO;
				SWIFT_VERSION = 5.0;
				TARGETED_DEVICE_FAMILY = "1,2";
				TEST_HOST = "$(BUILT_PRODUCTS_DIR)/RepoReader.app/$(BUNDLE_EXECUTABLE_FOLDER_PATH)/RepoReader";
			};
			name = Debug;
		};
		2AF72F642DD4B76F0071566D /* Release */ = {
			isa = XCBuildConfiguration;
			buildSettings = {
				BUNDLE_LOADER = "$(TEST_HOST)";
				CODE_SIGN_STYLE = Automatic;
				CURRENT_PROJECT_VERSION = 1;
				DEVELOPMENT_TEAM = HJ254N92X3;
				GENERATE_INFOPLIST_FILE = YES;
				IPHONEOS_DEPLOYMENT_TARGET = 18.4;
				MARKETING_VERSION = 1.0;
				PRODUCT_BUNDLE_IDENTIFIER = com.canopas..RepoReaderTests;
				PRODUCT_NAME = "$(TARGET_NAME)";
				SWIFT_EMIT_LOC_STRINGS = NO;
				SWIFT_VERSION = 5.0;
				TARGETED_DEVICE_FAMILY = "1,2";
				TEST_HOST = "$(BUILT_PRODUCTS_DIR)/RepoReader.app/$(BUNDLE_EXECUTABLE_FOLDER_PATH)/RepoReader";
			};
			name = Release;
		};
		2AF72F662DD4B76F0071566D /* Debug */ = {
			isa = XCBuildConfiguration;
			buildSettings = {
				CODE_SIGN_STYLE = Automatic;
				CURRENT_PROJECT_VERSION = 1;
				DEVELOPMENT_TEAM = HJ254N92X3;
				GENERATE_INFOPLIST_FILE = YES;
				MARKETING_VERSION = 1.0;
				PRODUCT_BUNDLE_IDENTIFIER = com.canopas..RepoReaderUITests;
				PRODUCT_NAME = "$(TARGET_NAME)";
				SWIFT_EMIT_LOC_STRINGS = NO;
				SWIFT_VERSION = 5.0;
				TARGETED_DEVICE_FAMILY = "1,2";
				TEST_TARGET_NAME = RepoReader;
			};
			name = Debug;
		};
		2AF72F672DD4B76F0071566D /* Release */ = {
			isa = XCBuildConfiguration;
			buildSettings = {
				CODE_SIGN_STYLE = Automatic;
				CURRENT_PROJECT_VERSION = 1;
				DEVELOPMENT_TEAM = HJ254N92X3;
				GENERATE_INFOPLIST_FILE = YES;
				MARKETING_VERSION = 1.0;
				PRODUCT_BUNDLE_IDENTIFIER = com.canopas..RepoReaderUITests;
				PRODUCT_NAME = "$(TARGET_NAME)";
				SWIFT_EMIT_LOC_STRINGS = NO;
				SWIFT_VERSION = 5.0;
				TARGETED_DEVICE_FAMILY = "1,2";
				TEST_TARGET_NAME = RepoReader;
			};
			name = Release;
		};
/* End XCBuildConfiguration section */

/* Begin XCConfigurationList section */
		2AF72F2F2DD4B76D0071566D /* Build configuration list for PBXProject "RepoReader" */ = {
			isa = XCConfigurationList;
			buildConfigurations = (
				2AF72F602DD4B76F0071566D /* Debug */,
				2AF72F612DD4B76F0071566D /* Release */,
			);
			defaultConfigurationIsVisible = 0;
			defaultConfigurationName = Release;
		};
		2AF72F5D2DD4B76F0071566D /* Build configuration list for PBXNativeTarget "RepoReader" */ = {
			isa = XCConfigurationList;
			buildConfigurations = (
				2AF72F5E2DD4B76F0071566D /* Debug */,
				2AF72F5F2DD4B76F0071566D /* Release */,
			);
			defaultConfigurationIsVisible = 0;
			defaultConfigurationName = Release;
		};
		2AF72F622DD4B76F0071566D /* Build configuration list for PBXNativeTarget "RepoReaderTests" */ = {
			isa = XCConfigurationList;
			buildConfigurations = (
				2AF72F632DD4B76F0071566D /* Debug */,
				2AF72F642DD4B76F0071566D /* Release */,
			);
			defaultConfigurationIsVisible = 0;
			defaultConfigurationName = Release;
		};
		2AF72F652DD4B76F0071566D /* Build configuration list for PBXNativeTarget "RepoReaderUITests" */ = {
			isa = XCConfigurationList;
			buildConfigurations = (
				2AF72F662DD4B76F0071566D /* Debug */,
				2AF72F672DD4B76F0071566D /* Release */,
			);
			defaultConfigurationIsVisible = 0;
			defaultConfigurationName = Release;
		};
/* End XCConfigurationList section */

/* Begin XCRemoteSwiftPackageReference section */
		2ADF45EE2DD59E4400883134 /* XCRemoteSwiftPackageReference "RxSwift" */ = {
			isa = XCRemoteSwiftPackageReference;
			repositoryURL = "https://github.com/ReactiveX/RxSwift";
			requirement = {
				kind = upToNextMajorVersion;
				minimumVersion = 6.9.0;
			};
		};
		2ADF45FA2DD5A53A00883134 /* XCRemoteSwiftPackageReference "RxBinding" */ = {
			isa = XCRemoteSwiftPackageReference;
			repositoryURL = "https://github.com/RxSwiftCommunity/RxBinding";
			requirement = {
				kind = upToNextMajorVersion;
				minimumVersion = 0.5.0;
			};
		};
		2AF72F822DD4B9220071566D /* XCRemoteSwiftPackageReference "Alamofire" */ = {
			isa = XCRemoteSwiftPackageReference;
			repositoryURL = "https://github.com/Alamofire/Alamofire";
			requirement = {
				kind = upToNextMajorVersion;
				minimumVersion = 5.10.2;
			};
		};
		2AF72F872DD4B9EF0071566D /* XCRemoteSwiftPackageReference "Swinject" */ = {
			isa = XCRemoteSwiftPackageReference;
			repositoryURL = "https://github.com/Swinject/Swinject";
			requirement = {
				kind = upToNextMajorVersion;
				minimumVersion = 2.9.1;
			};
		};
/* End XCRemoteSwiftPackageReference section */

/* Begin XCSwiftPackageProductDependency section */
		2ADF45EF2DD59E4400883134 /* RxBlocking */ = {
			isa = XCSwiftPackageProductDependency;
			package = 2ADF45EE2DD59E4400883134 /* XCRemoteSwiftPackageReference "RxSwift" */;
			productName = RxBlocking;
		};
		2ADF45F12DD59E4400883134 /* RxCocoa */ = {
			isa = XCSwiftPackageProductDependency;
			package = 2ADF45EE2DD59E4400883134 /* XCRemoteSwiftPackageReference "RxSwift" */;
			productName = RxCocoa;
		};
		2ADF45F32DD59E4400883134 /* RxRelay */ = {
			isa = XCSwiftPackageProductDependency;
			package = 2ADF45EE2DD59E4400883134 /* XCRemoteSwiftPackageReference "RxSwift" */;
			productName = RxRelay;
		};
		2ADF45FB2DD5A53A00883134 /* RxBinding */ = {
			isa = XCSwiftPackageProductDependency;
			package = 2ADF45FA2DD5A53A00883134 /* XCRemoteSwiftPackageReference "RxBinding" */;
			productName = RxBinding;
		};
		2AF72F832DD4B9220071566D /* Alamofire */ = {
			isa = XCSwiftPackageProductDependency;
			package = 2AF72F822DD4B9220071566D /* XCRemoteSwiftPackageReference "Alamofire" */;
			productName = Alamofire;
		};
		2AF72F882DD4B9F00071566D /* Swinject */ = {
			isa = XCSwiftPackageProductDependency;
			package = 2AF72F872DD4B9EF0071566D /* XCRemoteSwiftPackageReference "Swinject" */;
			productName = Swinject;
		};
/* End XCSwiftPackageProductDependency section */
	};
	rootObject = 2AF72F2C2DD4B76D0071566D /* Project object */;
}
